
Microsoft Visual Studio Solution File, Format Version 12.00
# Visual Studio Version 17
VisualStudioVersion = 17.14.36414.22
MinimumVisualStudioVersion = 10.0.40219.1
Project("{FAE04EC0-301F-11D3-BF4B-00C04F79EFBC}") = "VampireSurvivorsProjekt", "VampireSurvivorsProjekt\VampireSurvivorsProjekt.csproj", "{F3C5382C-BA24-4A31-A602-7D0764E77EDB}"
EndProject
Global
	GlobalSection(SolutionConfigurationPlatforms) = preSolution
		Debug|Any CPU = Debug|Any CPU
		Release|Any CPU = Release|Any CPU
	EndGlobalSection
	GlobalSection(ProjectConfigurationPlatforms) = postSolution
		{F3C5382C-BA24-4A31-A602-7D0764E77EDB}.Debug|Any CPU.ActiveCfg = Debug|Any CPU
		{F3C5382C-BA24-4A31-A602-7D0764E77EDB}.Debug|Any CPU.Build.0 = Debug|Any CPU
		{F3C5382C-BA24-4A31-A602-7D0764E77EDB}.Release|Any CPU.ActiveCfg = Release|Any CPU
		{F3C5382C-BA24-4A31-A602-7D0764E77EDB}.Release|Any CPU.Build.0 = Release|Any CPU
	EndGlobalSection
	GlobalSection(SolutionProperties) = preSolution
		HideSolutionNode = FALSE
	EndGlobalSection
	GlobalSection(ExtensibilityGlobals) = postSolution
		SolutionGuid = {98BB8F60-9178-4C01-B055-0839A49DAE44}
	EndGlobalSection
EndGlobal
